{
  "nodes": {
    "fenix": {
      "inputs": {
        "nixpkgs": [
          "nixpkgs"
        ],
        "rust-analyzer-src": "rust-analyzer-src"
      },
      "locked": {
        "lastModified": 1778662605,
        "narHash": "sha256-nGPpWsLZ1dX1Dirf98GsCsFDE/diXkUP0PaAqZlTpkA=",
        "owner": "nix-community",
        "repo": "fenix",
        "rev": "5c80141c6215ed0a1cdc06ddb68e9bb55e9edfca",
        "type": "github"
      },
      "original": {
        "owner": "nix-community",
        "repo": "fenix",
        "type": "github"
      }
    },
    "nixpkgs": {
      "locked": {
        "lastModified": 1778443072,
        "narHash": "sha256-zi7/fsqM/kFdNuED//4WOCUtezGtKKqRNORjMvfwjnA=",
        "owner": "nixos",
        "repo": "nixpkgs",
        "rev": "da5ad661ba4e5ef59ba743f0d112cbc30e474f32",
        "type": "github"
      },
      "original": {
        "owner": "nixos",
        "ref": "nixos-unstable",
        "repo": "nixpkgs",
        "type": "github"
      }
    },
    "root": {
      "inputs": {
        "fenix": "fenix",
        "nixpkgs": "nixpkgs"
      }
    },
    "rust-analyzer-src": {
      "flake": false,
      "locked": {
        "lastModified": 1778611623,
        "narHash": "sha256-oNgaKN3iKM1Cud3bKhEXFHXNRRc+j/JDl05d2jYa2Sg=",
        "owner": "rust-lang",
        "repo": "rust-analyzer",
        "rev": "7c28934677b1e7a1c6ef952422e6ef730540f85f",
        "type": "github"
      },
      "original": {
        "owner": "rust-lang",
        "ref": "nightly",
        "repo": "rust-analyzer",
        "type": "github"
      }
    }
  },
  "root": "root",
  "version": 7
}
